
Microsoft Visual Studio Solution File, Format Version 12.00
# Visual Studio Version 17
VisualStudioVersion = 17.14.36623.8
MinimumVisualStudioVersion = 10.0.40219.1
Project("{FAE04EC0-301F-11D3-BF4B-00C04F79EFBC}") = "WebAPI", "Service\WebAPI.csproj", "{602990C8-A4F6-1B61-455B-A96BB2E2C2D0}"
EndProject
Project("{FAE04EC0-301F-11D3-BF4B-00C04F79EFBC}") = "UnitTests", "UnitTests\UnitTests.csproj", "{B89B2DCA-6588-42AF-A092-2F68131DB711}"
EndProject
Project("{FAE04EC0-301F-11D3-BF4B-00C04F79EFBC}") = "Application", "Application\Application.csproj", "{ACBA006E-230A-4D83-8A82-05E6EE240B91}"
EndProject
Project("{FAE04EC0-301F-11D3-BF4B-00C04F79EFBC}") = "Domain", "Domain\Domain.csproj", "{6A25E1F6-F571-4E8B-B893-872040D3EA99}"
EndProject
Project("{FAE04EC0-301F-11D3-BF4B-00C04F79EFBC}") = "Infrastructure", "Infrastructure\Infrastructure.csproj", "{7F91E6A0-C179-4495-95C7-063D5E0E08CD}"
EndProject
Global
	GlobalSection(SolutionConfigurationPlatforms) = preSolution
		Debug|Any CPU = Debug|Any CPU
		Release|Any CPU = Release|Any CPU
	EndGlobalSection
	GlobalSection(ProjectConfigurationPlatforms) = postSolution
		{602990C8-A4F6-1B61-455B-A96BB2E2C2D0}.Debug|Any CPU.ActiveCfg = Debug|Any CPU
		{602990C8-A4F6-1B61-455B-A96BB2E2C2D0}.Debug|Any CPU.Build.0 = Debug|Any CPU
		{602990C8-A4F6-1B61-455B-A96BB2E2C2D0}.Release|Any CPU.ActiveCfg = Release|Any CPU
		{602990C8-A4F6-1B61-455B-A96BB2E2C2D0}.Release|Any CPU.Build.0 = Release|Any CPU
		{B89B2DCA-6588-42AF-A092-2F68131DB711}.Debug|Any CPU.ActiveCfg = Debug|Any CPU
		{B89B2DCA-6588-42AF-A092-2F68131DB711}.Debug|Any CPU.Build.0 = Debug|Any CPU
		{B89B2DCA-6588-42AF-A092-2F68131DB711}.Release|Any CPU.ActiveCfg = Release|Any CPU
		{B89B2DCA-6588-42AF-A092-2F68131DB711}.Release|Any CPU.Build.0 = Release|Any CPU
		{ACBA006E-230A-4D83-8A82-05E6EE240B91}.Debug|Any CPU.ActiveCfg = Debug|Any CPU
		{ACBA006E-230A-4D83-8A82-05E6EE240B91}.Debug|Any CPU.Build.0 = Debug|Any CPU
		{ACBA006E-230A-4D83-8A82-05E6EE240B91}.Release|Any CPU.ActiveCfg = Release|Any CPU
		{ACBA006E-230A-4D83-8A82-05E6EE240B91}.Release|Any CPU.Build.0 = Release|Any CPU
		{6A25E1F6-F571-4E8B-B893-872040D3EA99}.Debug|Any CPU.ActiveCfg = Debug|Any CPU
		{6A25E1F6-F571-4E8B-B893-872040D3EA99}.Debug|Any CPU.Build.0 = Debug|Any CPU
		{6A25E1F6-F571-4E8B-B893-872040D3EA99}.Release|Any CPU.ActiveCfg = Release|Any CPU
		{6A25E1F6-F571-4E8B-B893-872040D3EA99}.Release|Any CPU.Build.0 = Release|Any CPU
		{7F91E6A0-C179-4495-95C7-063D5E0E08CD}.Debug|Any CPU.ActiveCfg = Debug|Any CPU
		{7F91E6A0-C179-4495-95C7-063D5E0E08CD}.Debug|Any CPU.Build.0 = Debug|Any CPU
		{7F91E6A0-C179-4495-95C7-063D5E0E08CD}.Release|Any CPU.ActiveCfg = Release|Any CPU
		{7F91E6A0-C179-4495-95C7-063D5E0E08CD}.Release|Any CPU.Build.0 = Release|Any CPU
	EndGlobalSection
	GlobalSection(SolutionProperties) = preSolution
		HideSolutionNode = FALSE
	EndGlobalSection
	GlobalSection(ExtensibilityGlobals) = postSolution
		SolutionGuid = {8CFAE593-ADD2-4529-872D-3CD43CF3F8E3}
	EndGlobalSection
EndGlobal
